
Microsoft Visual Studio Solution File, Format Version 12.00
# Visual Studio Version 17
VisualStudioVersion = 17.14.36518.9 d17.14
MinimumVisualStudioVersion = 10.0.40219.1
Project("{FAE04EC0-301F-11D3-BF4B-00C04F79EFBC}") = "new1", "new1\new1.csproj", "{66508B6C-C764-4B25-A69B-E87B6BE079D6}"
EndProject
Global
	GlobalSection(SolutionConfigurationPlatforms) = preSolution
		Debug|Any CPU = Debug|Any CPU
		Release|Any CPU = Release|Any CPU
	EndGlobalSection
	GlobalSection(ProjectConfigurationPlatforms) = postSolution
		{66508B6C-C764-4B25-A69B-E87B6BE079D6}.Debug|Any CPU.ActiveCfg = Debug|Any CPU
		{66508B6C-C764-4B25-A69B-E87B6BE079D6}.Debug|Any CPU.Build.0 = Debug|Any CPU
		{66508B6C-C764-4B25-A69B-E87B6BE079D6}.Release|Any CPU.ActiveCfg = Release|Any CPU
		{66508B6C-C764-4B25-A69B-E87B6BE079D6}.Release|Any CPU.Build.0 = Release|Any CPU
	EndGlobalSection
	GlobalSection(SolutionProperties) = preSolution
		HideSolutionNode = FALSE
	EndGlobalSection
	GlobalSection(ExtensibilityGlobals) = postSolution
		SolutionGuid = {B4E17040-2F6B-439A-8CD5-264EC855611E}
	EndGlobalSection
EndGlobal
